
Microsoft Visual Studio Solution File, Format Version 12.00
# Visual Studio Version 17
VisualStudioVersion = 17.9.34723.18
MinimumVisualStudioVersion = 10.0.40219.1
Project("{FAE04EC0-301F-11D3-BF4B-00C04F79EFBC}") = "ToDoList", "ToDoList\ToDoList.csproj", "{9F74356C-10AC-4593-9EC0-E019B07BD1EC}"
EndProject
Global
	GlobalSection(SolutionConfigurationPlatforms) = preSolution
		Debug|Any CPU = Debug|Any CPU
		Release|Any CPU = Release|Any CPU
	EndGlobalSection
	GlobalSection(ProjectConfigurationPlatforms) = postSolution
		{9F74356C-10AC-4593-9EC0-E019B07BD1EC}.Debug|Any CPU.ActiveCfg = Debug|Any CPU
		{9F74356C-10AC-4593-9EC0-E019B07BD1EC}.Debug|Any CPU.Build.0 = Debug|Any CPU
		{9F74356C-10AC-4593-9EC0-E019B07BD1EC}.Release|Any CPU.ActiveCfg = Release|Any CPU
		{9F74356C-10AC-4593-9EC0-E019B07BD1EC}.Release|Any CPU.Build.0 = Release|Any CPU
	EndGlobalSection
	GlobalSection(SolutionProperties) = preSolution
		HideSolutionNode = FALSE
	EndGlobalSection
	GlobalSection(ExtensibilityGlobals) = postSolution
		SolutionGuid = {03E99038-36B4-4C26-80A0-4EDB5C585EB0}
	EndGlobalSection
EndGlobal
